
Microsoft Visual Studio Solution File, Format Version 12.00
# Visual Studio Version 17
VisualStudioVersion = 17.3.32901.215
MinimumVisualStudioVersion = 10.0.40219.1
Project("{FAE04EC0-301F-11D3-BF4B-00C04F79EFBC}") = "MacroDeck_UDPCallUnity", "MacroDeck_UDPCallUnity.csproj", "{0AFDB83B-931E-4A2C-94A6-31CF09E20944}"
EndProject
Global
	GlobalSection(SolutionConfigurationPlatforms) = preSolution
		Debug|Any CPU = Debug|Any CPU
		Release|Any CPU = Release|Any CPU
	EndGlobalSection
	GlobalSection(ProjectConfigurationPlatforms) = postSolution
		{0AFDB83B-931E-4A2C-94A6-31CF09E20944}.Debug|Any CPU.ActiveCfg = Debug|Any CPU
		{0AFDB83B-931E-4A2C-94A6-31CF09E20944}.Debug|Any CPU.Build.0 = Debug|Any CPU
		{0AFDB83B-931E-4A2C-94A6-31CF09E20944}.Release|Any CPU.ActiveCfg = Release|Any CPU
		{0AFDB83B-931E-4A2C-94A6-31CF09E20944}.Release|Any CPU.Build.0 = Release|Any CPU
	EndGlobalSection
	GlobalSection(SolutionProperties) = preSolution
		HideSolutionNode = FALSE
	EndGlobalSection
	GlobalSection(ExtensibilityGlobals) = postSolution
		SolutionGuid = {C12B8C0A-7557-4E1B-B2C5-290CA78DE531}
	EndGlobalSection
EndGlobal
